
Microsoft Visual Studio Solution File, Format Version 12.00
# Visual Studio Version 16
VisualStudioVersion = 16.0.29806.167
MinimumVisualStudioVersion = 10.0.40219.1
Project("{FAE04EC0-301F-11D3-BF4B-00C04F79EFBC}") = "NameAnalyzer", "NameAnalyzer\NameAnalyzer.csproj", "{38C91D02-705C-4E8D-80FB-2762665E1989}"
EndProject
Global
	GlobalSection(SolutionConfigurationPlatforms) = preSolution
		Debug|Any CPU = Debug|Any CPU
		Release|Any CPU = Release|Any CPU
	EndGlobalSection
	GlobalSection(ProjectConfigurationPlatforms) = postSolution
		{38C91D02-705C-4E8D-80FB-2762665E1989}.Debug|Any CPU.ActiveCfg = Debug|Any CPU
		{38C91D02-705C-4E8D-80FB-2762665E1989}.Debug|Any CPU.Build.0 = Debug|Any CPU
		{38C91D02-705C-4E8D-80FB-2762665E1989}.Release|Any CPU.ActiveCfg = Release|Any CPU
		{38C91D02-705C-4E8D-80FB-2762665E1989}.Release|Any CPU.Build.0 = Release|Any CPU
	EndGlobalSection
	GlobalSection(SolutionProperties) = preSolution
		HideSolutionNode = FALSE
	EndGlobalSection
	GlobalSection(ExtensibilityGlobals) = postSolution
		SolutionGuid = {A473D116-33BD-467F-8FDC-C54828A0EF5F}
	EndGlobalSection
EndGlobal
